// !$*UTF8*$!
{
	archiveVersion = 1;
	classes = {
	};
	objectVersion = 50;
	objects = {

/* Begin PBXBuildFile section */
		422C671225DE812A00707C91 /* CoreDataStorage+ToDo.swift in Sources */ = {isa = PBXBuildFile; fileRef = 422C671125DE812A00707C91 /* CoreDataStorage+ToDo.swift */; };
		422C671525DE814A00707C91 /* CoreDataStorage+Category.swift in Sources */ = {isa = PBXBuildFile; fileRef = 422C671425DE814A00707C91 /* CoreDataStorage+Category.swift */; };
		425DBB7A25D65DE10029C443 /* MyToDoApp.swift in Sources */ = {isa = PBXBuildFile; fileRef = 425DBB7925D65DE10029C443 /* MyToDoApp.swift */; };
		425DBB7E25D65DE10029C443 /* Assets.xcassets in Resources */ = {isa = PBXBuildFile; fileRef = 425DBB7D25D65DE10029C443 /* Assets.xcassets */; };
		425DBB8125D65DE10029C443 /* Preview Assets.xcassets in Resources */ = {isa = PBXBuildFile; fileRef = 425DBB8025D65DE10029C443 /* Preview Assets.xcassets */; };
		425DBB8B25D65F320029C443 /* CoreDataStorage.xcdatamodeld in Sources */ = {isa = PBXBuildFile; fileRef = 425DBB8925D65F320029C443 /* CoreDataStorage.xcdatamodeld */; };
		425DBB8E25D660360029C443 /* ToDoListView.swift in Sources */ = {isa = PBXBuildFile; fileRef = 425DBB8D25D660360029C443 /* ToDoListView.swift */; };
		425DBB9125D660450029C443 /* ToDoListViewModel.swift in Sources */ = {isa = PBXBuildFile; fileRef = 425DBB9025D660450029C443 /* ToDoListViewModel.swift */; };
		425DBB9B25D660FF0029C443 /* CoreDataStorage.swift in Sources */ = {isa = PBXBuildFile; fileRef = 425DBB9A25D660FF0029C443 /* CoreDataStorage.swift */; };
		425DBBA525D670040029C443 /* ToDoListToolBar.swift in Sources */ = {isa = PBXBuildFile; fileRef = 425DBBA425D670040029C443 /* ToDoListToolBar.swift */; };
		425DBBB025D672620029C443 /* AddToDoView.swift in Sources */ = {isa = PBXBuildFile; fileRef = 425DBBAF25D672620029C443 /* AddToDoView.swift */; };
		425DBBB425D6726B0029C443 /* AddToDoViewModel.swift in Sources */ = {isa = PBXBuildFile; fileRef = 425DBBB325D6726B0029C443 /* AddToDoViewModel.swift */; };
		425DBBB825D685F40029C443 /* AddCategoryView.swift in Sources */ = {isa = PBXBuildFile; fileRef = 425DBBB725D685F40029C443 /* AddCategoryView.swift */; };
		425DBBBB25D685FD0029C443 /* AddCategoryViewModel.swift in Sources */ = {isa = PBXBuildFile; fileRef = 425DBBBA25D685FD0029C443 /* AddCategoryViewModel.swift */; };
		425DBBBE25D689B80029C443 /* AddCategoryToolBar.swift in Sources */ = {isa = PBXBuildFile; fileRef = 425DBBBD25D689B80029C443 /* AddCategoryToolBar.swift */; };
		425DBBC225D68FDA0029C443 /* AddToDoToolBar.swift in Sources */ = {isa = PBXBuildFile; fileRef = 425DBBC125D68FDA0029C443 /* AddToDoToolBar.swift */; };
		425DBBC725D6C43C0029C443 /* AddTodoLoadedView.swift in Sources */ = {isa = PBXBuildFile; fileRef = 425DBBC625D6C43C0029C443 /* AddTodoLoadedView.swift */; };
/* End PBXBuildFile section */

/* Begin PBXFileReference section */
		422C671125DE812A00707C91 /* CoreDataStorage+ToDo.swift */ = {isa = PBXFileReference; lastKnownFileType = sourcecode.swift; path = "CoreDataStorage+ToDo.swift"; sourceTree = "<group>"; };
		422C671425DE814A00707C91 /* CoreDataStorage+Category.swift */ = {isa = PBXFileReference; lastKnownFileType = sourcecode.swift; path = "CoreDataStorage+Category.swift"; sourceTree = "<group>"; };
		425DBB7625D65DE10029C443 /* MyToDo.app */ = {isa = PBXFileReference; explicitFileType = wrapper.application; includeInIndex = 0; path = MyToDo.app; sourceTree = BUILT_PRODUCTS_DIR; };
		425DBB7925D65DE10029C443 /* MyToDoApp.swift */ = {isa = PBXFileReference; lastKnownFileType = sourcecode.swift; path = MyToDoApp.swift; sourceTree = "<group>"; };
		425DBB7D25D65DE10029C443 /* Assets.xcassets */ = {isa = PBXFileReference; lastKnownFileType = folder.assetcatalog; path = Assets.xcassets; sourceTree = "<group>"; };
		425DBB8025D65DE10029C443 /* Preview Assets.xcassets */ = {isa = PBXFileReference; lastKnownFileType = folder.assetcatalog; path = "Preview Assets.xcassets"; sourceTree = "<group>"; };
		425DBB8225D65DE10029C443 /* Info.plist */ = {isa = PBXFileReference; lastKnownFileType = text.plist.xml; path = Info.plist; sourceTree = "<group>"; };
		425DBB8A25D65F320029C443 /* Model.xcdatamodel */ = {isa = PBXFileReference; lastKnownFileType = wrapper.xcdatamodel; path = Model.xcdatamodel; sourceTree = "<group>"; };
		425DBB8D25D660360029C443 /* ToDoListView.swift */ = {isa = PBXFileReference; lastKnownFileType = sourcecode.swift; path = ToDoListView.swift; sourceTree = "<group>"; };
		425DBB9025D660450029C443 /* ToDoListViewModel.swift */ = {isa = PBXFileReference; lastKnownFileType = sourcecode.swift; path = ToDoListViewModel.swift; sourceTree = "<group>"; };
		425DBB9A25D660FF0029C443 /* CoreDataStorage.swift */ = {isa = PBXFileReference; lastKnownFileType = sourcecode.swift; path = CoreDataStorage.swift; sourceTree = "<group>"; };
		425DBB9D25D661520029C443 /* MyPlayground.playground */ = {isa = PBXFileReference; lastKnownFileType = file.playground; path = MyPlayground.playground; sourceTree = "<group>"; xcLanguageSpecificationIdentifier = xcode.lang.swift; };
		425DBBA425D670040029C443 /* ToDoListToolBar.swift */ = {isa = PBXFileReference; lastKnownFileType = sourcecode.swift; path = ToDoListToolBar.swift; sourceTree = "<group>"; };
		425DBBAB25D671490029C443 /* Notes.md */ = {isa = PBXFileReference; lastKnownFileType = net.daringfireball.markdown; path = Notes.md; sourceTree = "<group>"; };
		425DBBAF25D672620029C443 /* AddToDoView.swift */ = {isa = PBXFileReference; lastKnownFileType = sourcecode.swift; path = AddToDoView.swift; sourceTree = "<group>"; };
		425DBBB325D6726B0029C443 /* AddToDoViewModel.swift */ = {isa = PBXFileReference; lastKnownFileType = sourcecode.swift; path = AddToDoViewModel.swift; sourceTree = "<group>"; };
		425DBBB725D685F40029C443 /* AddCategoryView.swift */ = {isa = PBXFileReference; lastKnownFileType = sourcecode.swift; path = AddCategoryView.swift; sourceTree = "<group>"; };
		425DBBBA25D685FD0029C443 /* AddCategoryViewModel.swift */ = {isa = PBXFileReference; lastKnownFileType = sourcecode.swift; path = AddCategoryViewModel.swift; sourceTree = "<group>"; };
		425DBBBD25D689B80029C443 /* AddCategoryToolBar.swift */ = {isa = PBXFileReference; lastKnownFileType = sourcecode.swift; path = AddCategoryToolBar.swift; sourceTree = "<group>"; };
		425DBBC125D68FDA0029C443 /* AddToDoToolBar.swift */ = {isa = PBXFileReference; lastKnownFileType = sourcecode.swift; path = AddToDoToolBar.swift; sourceTree = "<group>"; };
		425DBBC625D6C43C0029C443 /* AddTodoLoadedView.swift */ = {isa = PBXFileReference; lastKnownFileType = sourcecode.swift; path = AddTodoLoadedView.swift; sourceTree = "<group>"; };
/* End PBXFileReference section */

/* Begin PBXFrameworksBuildPhase section */
		425DBB7325D65DE10029C443 /* Frameworks */ = {
			isa = PBXFrameworksBuildPhase;
			buildActionMask = 2147483647;
			files = (
			);
			runOnlyForDeploymentPostprocessing = 0;
		};
/* End PBXFrameworksBuildPhase section */

/* Begin PBXGroup section */
		425DBB6D25D65DE10029C443 = {
			isa = PBXGroup;
			children = (
				425DBBAB25D671490029C443 /* Notes.md */,
				425DBB9D25D661520029C443 /* MyPlayground.playground */,
				425DBB7825D65DE10029C443 /* MyToDo */,
				425DBB7725D65DE10029C443 /* Products */,
			);
			sourceTree = "<group>";
		};
		425DBB7725D65DE10029C443 /* Products */ = {
			isa = PBXGroup;
			children = (
				425DBB7625D65DE10029C443 /* MyToDo.app */,
			);
			name = Products;
			sourceTree = "<group>";
		};
		425DBB7825D65DE10029C443 /* MyToDo */ = {
			isa = PBXGroup;
			children = (
				425DBB7925D65DE10029C443 /* MyToDoApp.swift */,
				425DBB9725D660C80029C443 /* App */,
				425DBB9325D6604B0029C443 /* ToDoList */,
				425DBBAE25D6724F0029C443 /* AddToDo */,
				425DBBB625D685E50029C443 /* AddCategory */,
				425DBB7D25D65DE10029C443 /* Assets.xcassets */,
				425DBB8225D65DE10029C443 /* Info.plist */,
				425DBB7F25D65DE10029C443 /* Preview Content */,
			);
			path = MyToDo;
			sourceTree = "<group>";
		};
		425DBB7F25D65DE10029C443 /* Preview Content */ = {
			isa = PBXGroup;
			children = (
				425DBB8025D65DE10029C443 /* Preview Assets.xcassets */,
			);
			path = "Preview Content";
			sourceTree = "<group>";
		};
		425DBB9325D6604B0029C443 /* ToDoList */ = {
			isa = PBXGroup;
			children = (
				425DBB8D25D660360029C443 /* ToDoListView.swift */,
				425DBBA425D670040029C443 /* ToDoListToolBar.swift */,
				425DBB9025D660450029C443 /* ToDoListViewModel.swift */,
			);
			path = ToDoList;
			sourceTree = "<group>";
		};
		425DBB9725D660C80029C443 /* App */ = {
			isa = PBXGroup;
			children = (
				425DBB9925D660D30029C443 /* Storage */,
				425DBB9825D660CC0029C443 /* Extensions */,
			);
			path = App;
			sourceTree = "<group>";
		};
		425DBB9825D660CC0029C443 /* Extensions */ = {
			isa = PBXGroup;
			children = (
			);
			path = Extensions;
			sourceTree = "<group>";
		};
		425DBB9925D660D30029C443 /* Storage */ = {
			isa = PBXGroup;
			children = (
				425DBB8925D65F320029C443 /* CoreDataStorage.xcdatamodeld */,
				425DBB9A25D660FF0029C443 /* CoreDataStorage.swift */,
				422C671125DE812A00707C91 /* CoreDataStorage+ToDo.swift */,
				422C671425DE814A00707C91 /* CoreDataStorage+Category.swift */,
			);
			path = Storage;
			sourceTree = "<group>";
		};
		425DBBAE25D6724F0029C443 /* AddToDo */ = {
			isa = PBXGroup;
			children = (
				425DBBAF25D672620029C443 /* AddToDoView.swift */,
				425DBBC625D6C43C0029C443 /* AddTodoLoadedView.swift */,
				425DBBB325D6726B0029C443 /* AddToDoViewModel.swift */,
				425DBBC125D68FDA0029C443 /* AddToDoToolBar.swift */,
			);
			path = AddToDo;
			sourceTree = "<group>";
		};
		425DBBB625D685E50029C443 /* AddCategory */ = {
			isa = PBXGroup;
			children = (
				425DBBB725D685F40029C443 /* AddCategoryView.swift */,
				425DBBBA25D685FD0029C443 /* AddCategoryViewModel.swift */,
				425DBBBD25D689B80029C443 /* AddCategoryToolBar.swift */,
			);
			path = AddCategory;
			sourceTree = "<group>";
		};
/* End PBXGroup section */

/* Begin PBXNativeTarget section */
		425DBB7525D65DE10029C443 /* MyToDo */ = {
			isa = PBXNativeTarget;
			buildConfigurationList = 425DBB8525D65DE10029C443 /* Build configuration list for PBXNativeTarget "MyToDo" */;
			buildPhases = (
				425DBB7225D65DE10029C443 /* Sources */,
				425DBB7325D65DE10029C443 /* Frameworks */,
				425DBB7425D65DE10029C443 /* Resources */,
			);
			buildRules = (
			);
			dependencies = (
			);
			name = MyToDo;
			productName = MyToDo;
			productReference = 425DBB7625D65DE10029C443 /* MyToDo.app */;
			productType = "com.apple.product-type.application";
		};
/* End PBXNativeTarget section */

/* Begin PBXProject section */
		425DBB6E25D65DE10029C443 /* Project object */ = {
			isa = PBXProject;
			attributes = {
				LastSwiftUpdateCheck = 1240;
				LastUpgradeCheck = 1240;
				TargetAttributes = {
					425DBB7525D65DE10029C443 = {
						CreatedOnToolsVersion = 12.4;
					};
				};
			};
			buildConfigurationList = 425DBB7125D65DE10029C443 /* Build configuration list for PBXProject "MyToDo" */;
			compatibilityVersion = "Xcode 9.3";
			developmentRegion = en;
			hasScannedForEncodings = 0;
			knownRegions = (
				en,
				Base,
			);
			mainGroup = 425DBB6D25D65DE10029C443;
			productRefGroup = 425DBB7725D65DE10029C443 /* Products */;
			projectDirPath = "";
			projectRoot = "";
			targets = (
				425DBB7525D65DE10029C443 /* MyToDo */,
			);
		};
/* End PBXProject section */

/* Begin PBXResourcesBuildPhase section */
		425DBB7425D65DE10029C443 /* Resources */ = {
			isa = PBXResourcesBuildPhase;
			buildActionMask = 2147483647;
			files = (
				425DBB8125D65DE10029C443 /* Preview Assets.xcassets in Resources */,
				425DBB7E25D65DE10029C443 /* Assets.xcassets in Resources */,
			);
			runOnlyForDeploymentPostprocessing = 0;
		};
/* End PBXResourcesBuildPhase section */

/* Begin PBXSourcesBuildPhase section */
		425DBB7225D65DE10029C443 /* Sources */ = {
			isa = PBXSourcesBuildPhase;
			buildActionMask = 2147483647;
			files = (
				425DBB9B25D660FF0029C443 /* CoreDataStorage.swift in Sources */,
				425DBB7A25D65DE10029C443 /* MyToDoApp.swift in Sources */,
				425DBB8E25D660360029C443 /* ToDoListView.swift in Sources */,
				425DBBBB25D685FD0029C443 /* AddCategoryViewModel.swift in Sources */,
				425DBBA525D670040029C443 /* ToDoListToolBar.swift in Sources */,
				425DBBBE25D689B80029C443 /* AddCategoryToolBar.swift in Sources */,
				422C671225DE812A00707C91 /* CoreDataStorage+ToDo.swift in Sources */,
				425DBBB425D6726B0029C443 /* AddToDoViewModel.swift in Sources */,
				425DBBC725D6C43C0029C443 /* AddTodoLoadedView.swift in Sources */,
				425DBB8B25D65F320029C443 /* CoreDataStorage.xcdatamodeld in Sources */,
				422C671525DE814A00707C91 /* CoreDataStorage+Category.swift in Sources */,
				425DBB9125D660450029C443 /* ToDoListViewModel.swift in Sources */,
				425DBBB025D672620029C443 /* AddToDoView.swift in Sources */,
				425DBBB825D685F40029C443 /* AddCategoryView.swift in Sources */,
				425DBBC225D68FDA0029C443 /* AddToDoToolBar.swift in Sources */,
			);
			runOnlyForDeploymentPostprocessing = 0;
		};
/* End PBXSourcesBuildPhase section */

/* Begin XCBuildConfiguration section */
		425DBB8325D65DE10029C443 /* Debug */ = {
			isa = XCBuildConfiguration;
			buildSettings = {
				ALWAYS_SEARCH_USER_PATHS = NO;
				CLANG_ANALYZER_NONNULL = YES;
				CLANG_ANALYZER_NUMBER_OBJECT_CONVERSION = YES_AGGRESSIVE;
				CLANG_CXX_LANGUAGE_STANDARD = "gnu++14";
				CLANG_CXX_LIBRARY = "libc++";
				CLANG_ENABLE_MODULES = YES;
				CLANG_ENABLE_OBJC_ARC = YES;
				CLANG_ENABLE_OBJC_WEAK = YES;
				CLANG_WARN_BLOCK_CAPTURE_AUTORELEASING = YES;
				CLANG_WARN_BOOL_CONVERSION = YES;
				CLANG_WARN_COMMA = YES;
				CLANG_WARN_CONSTANT_CONVERSION = YES;
				CLANG_WARN_DEPRECATED_OBJC_IMPLEMENTATIONS = YES;
				CLANG_WARN_DIRECT_OBJC_ISA_USAGE = YES_ERROR;
				CLANG_WARN_DOCUMENTATION_COMMENTS = YES;
				CLANG_WARN_EMPTY_BODY = YES;
				CLANG_WARN_ENUM_CONVERSION = YES;
				CLANG_WARN_INFINITE_RECURSION = YES;
				CLANG_WARN_INT_CONVERSION = YES;
				CLANG_WARN_NON_LITERAL_NULL_CONVERSION = YES;
				CLANG_WARN_OBJC_IMPLICIT_RETAIN_SELF = YES;
				CLANG_WARN_OBJC_LITERAL_CONVERSION = YES;
				CLANG_WARN_OBJC_ROOT_CLASS = YES_ERROR;
				CLANG_WARN_QUOTED_INCLUDE_IN_FRAMEWORK_HEADER = YES;
				CLANG_WARN_RANGE_LOOP_ANALYSIS = YES;
				CLANG_WARN_STRICT_PROTOTYPES = YES;
				CLANG_WARN_SUSPICIOUS_MOVE = YES;
				CLANG_WARN_UNGUARDED_AVAILABILITY = YES_AGGRESSIVE;
				CLANG_WARN_UNREACHABLE_CODE = YES;
				CLANG_WARN__DUPLICATE_METHOD_MATCH = YES;
				COPY_PHASE_STRIP = NO;
				DEBUG_INFORMATION_FORMAT = dwarf;
				ENABLE_STRICT_OBJC_MSGSEND = YES;
				ENABLE_TESTABILITY = YES;
				GCC_C_LANGUAGE_STANDARD = gnu11;
				GCC_DYNAMIC_NO_PIC = NO;
				GCC_NO_COMMON_BLOCKS = YES;
				GCC_OPTIMIZATION_LEVEL = 0;
				GCC_PREPROCESSOR_DEFINITIONS = (
					"DEBUG=1",
					"$(inherited)",
				);
				GCC_WARN_64_TO_32_BIT_CONVERSION = YES;
				GCC_WARN_ABOUT_RETURN_TYPE = YES_ERROR;
				GCC_WARN_UNDECLARED_SELECTOR = YES;
				GCC_WARN_UNINITIALIZED_AUTOS = YES_AGGRESSIVE;
				GCC_WARN_UNUSED_FUNCTION = YES;
				GCC_WARN_UNUSED_VARIABLE = YES;
				IPHONEOS_DEPLOYMENT_TARGET = 14.4;
				MTL_ENABLE_DEBUG_INFO = INCLUDE_SOURCE;
				MTL_FAST_MATH = YES;
				ONLY_ACTIVE_ARCH = YES;
				SDKROOT = iphoneos;
				SWIFT_ACTIVE_COMPILATION_CONDITIONS = DEBUG;
				SWIFT_OPTIMIZATION_LEVEL = "-Onone";
			};
			name = Debug;
		};
		425DBB8425D65DE10029C443 /* Release */ = {
			isa = XCBuildConfiguration;
			buildSettings = {
				ALWAYS_SEARCH_USER_PATHS = NO;
				CLANG_ANALYZER_NONNULL = YES;
				CLANG_ANALYZER_NUMBER_OBJECT_CONVERSION = YES_AGGRESSIVE;
				CLANG_CXX_LANGUAGE_STANDARD = "gnu++14";
				CLANG_CXX_LIBRARY = "libc++";
				CLANG_ENABLE_MODULES = YES;
				CLANG_ENABLE_OBJC_ARC = YES;
				CLANG_ENABLE_OBJC_WEAK = YES;
				CLANG_WARN_BLOCK_CAPTURE_AUTORELEASING = YES;
				CLANG_WARN_BOOL_CONVERSION = YES;
				CLANG_WARN_COMMA = YES;
				CLANG_WARN_CONSTANT_CONVERSION = YES;
				CLANG_WARN_DEPRECATED_OBJC_IMPLEMENTATIONS = YES;
				CLANG_WARN_DIRECT_OBJC_ISA_USAGE = YES_ERROR;
				CLANG_WARN_DOCUMENTATION_COMMENTS = YES;
				CLANG_WARN_EMPTY_BODY = YES;
				CLANG_WARN_ENUM_CONVERSION = YES;
				CLANG_WARN_INFINITE_RECURSION = YES;
				CLANG_WARN_INT_CONVERSION = YES;
				CLANG_WARN_NON_LITERAL_NULL_CONVERSION = YES;
				CLANG_WARN_OBJC_IMPLICIT_RETAIN_SELF = YES;
				CLANG_WARN_OBJC_LITERAL_CONVERSION = YES;
				CLANG_WARN_OBJC_ROOT_CLASS = YES_ERROR;
				CLANG_WARN_QUOTED_INCLUDE_IN_FRAMEWORK_HEADER = YES;
				CLANG_WARN_RANGE_LOOP_ANALYSIS = YES;
				CLANG_WARN_STRICT_PROTOTYPES = YES;
				CLANG_WARN_SUSPICIOUS_MOVE = YES;
				CLANG_WARN_UNGUARDED_AVAILABILITY = YES_AGGRESSIVE;
				CLANG_WARN_UNREACHABLE_CODE = YES;
				CLANG_WARN__DUPLICATE_METHOD_MATCH = YES;
				COPY_PHASE_STRIP = NO;
				DEBUG_INFORMATION_FORMAT = "dwarf-with-dsym";
				ENABLE_NS_ASSERTIONS = NO;
				ENABLE_STRICT_OBJC_MSGSEND = YES;
				GCC_C_LANGUAGE_STANDARD = gnu11;
				GCC_NO_COMMON_BLOCKS = YES;
				GCC_WARN_64_TO_32_BIT_CONVERSION = YES;
				GCC_WARN_ABOUT_RETURN_TYPE = YES_ERROR;
				GCC_WARN_UNDECLARED_SELECTOR = YES;
				GCC_WARN_UNINITIALIZED_AUTOS = YES_AGGRESSIVE;
				GCC_WARN_UNUSED_FUNCTION = YES;
				GCC_WARN_UNUSED_VARIABLE = YES;
				IPHONEOS_DEPLOYMENT_TARGET = 14.4;
				MTL_ENABLE_DEBUG_INFO = NO;
				MTL_FAST_MATH = YES;
				SDKROOT = iphoneos;
				SWIFT_COMPILATION_MODE = wholemodule;
				SWIFT_OPTIMIZATION_LEVEL = "-O";
				VALIDATE_PRODUCT = YES;
			};
			name = Release;
		};
		425DBB8625D65DE10029C443 /* Debug */ = {
			isa = XCBuildConfiguration;
			buildSettings = {
				ASSETCATALOG_COMPILER_APPICON_NAME = AppIcon;
				ASSETCATALOG_COMPILER_GLOBAL_ACCENT_COLOR_NAME = AccentColor;
				CODE_SIGN_STYLE = Automatic;
				DEVELOPMENT_ASSET_PATHS = "\"MyToDo/Preview Content\"";
				DEVELOPMENT_TEAM = CPTD3EV4H4;
				ENABLE_PREVIEWS = YES;
				INFOPLIST_FILE = MyToDo/Info.plist;
				IPHONEOS_DEPLOYMENT_TARGET = 14.0;
				LD_RUNPATH_SEARCH_PATHS = (
					"$(inherited)",
					"@executable_path/Frameworks",
				);
				PRODUCT_BUNDLE_IDENTIFIER = Ivan.MyToDo;
				PRODUCT_NAME = "$(TARGET_NAME)";
				SWIFT_VERSION = 5.0;
				TARGETED_DEVICE_FAMILY = "1,2";
			};
			name = Debug;
		};
		425DBB8725D65DE10029C443 /* Release */ = {
			isa = XCBuildConfiguration;
			buildSettings = {
				ASSETCATALOG_COMPILER_APPICON_NAME = AppIcon;
				ASSETCATALOG_COMPILER_GLOBAL_ACCENT_COLOR_NAME = AccentColor;
				CODE_SIGN_STYLE = Automatic;
				DEVELOPMENT_ASSET_PATHS = "\"MyToDo/Preview Content\"";
				DEVELOPMENT_TEAM = CPTD3EV4H4;
				ENABLE_PREVIEWS = YES;
				INFOPLIST_FILE = MyToDo/Info.plist;
				IPHONEOS_DEPLOYMENT_TARGET = 14.0;
				LD_RUNPATH_SEARCH_PATHS = (
					"$(inherited)",
					"@executable_path/Frameworks",
				);
				PRODUCT_BUNDLE_IDENTIFIER = Ivan.MyToDo;
				PRODUCT_NAME = "$(TARGET_NAME)";
				SWIFT_VERSION = 5.0;
				TARGETED_DEVICE_FAMILY = "1,2";
			};
			name = Release;
		};
/* End XCBuildConfiguration section */

/* Begin XCConfigurationList section */
		425DBB7125D65DE10029C443 /* Build configuration list for PBXProject "MyToDo" */ = {
			isa = XCConfigurationList;
			buildConfigurations = (
				425DBB8325D65DE10029C443 /* Debug */,
				425DBB8425D65DE10029C443 /* Release */,
			);
			defaultConfigurationIsVisible = 0;
			defaultConfigurationName = Release;
		};
		425DBB8525D65DE10029C443 /* Build configuration list for PBXNativeTarget "MyToDo" */ = {
			isa = XCConfigurationList;
			buildConfigurations = (
				425DBB8625D65DE10029C443 /* Debug */,
				425DBB8725D65DE10029C443 /* Release */,
			);
			defaultConfigurationIsVisible = 0;
			defaultConfigurationName = Release;
		};
/* End XCConfigurationList section */

/* Begin XCVersionGroup section */
		425DBB8925D65F320029C443 /* CoreDataStorage.xcdatamodeld */ = {
			isa = XCVersionGroup;
			children = (
				425DBB8A25D65F320029C443 /* Model.xcdatamodel */,
			);
			currentVersion = 425DBB8A25D65F320029C443 /* Model.xcdatamodel */;
			path = CoreDataStorage.xcdatamodeld;
			sourceTree = "<group>";
			versionGroupType = wrapper.xcdatamodel;
		};
/* End XCVersionGroup section */
	};
	rootObject = 425DBB6E25D65DE10029C443 /* Project object */;
}
